
Microsoft Visual Studio Solution File, Format Version 12.00
# Visual Studio Version 16
VisualStudioVersion = 16.0.30204.135
MinimumVisualStudioVersion = 10.0.40219.1
Project("{FAE04EC0-301F-11D3-BF4B-00C04F79EFBC}") = "Modul01_HelloWPF", "HelloWPF\Modul01_HelloWPF.csproj", "{D6A1AAC6-2058-45FA-87EB-C1AAB974944A}"
EndProject
Project("{FAE04EC0-301F-11D3-BF4B-00C04F79EFBC}") = "Modul02_Controls", "Controls\Modul02_Controls.csproj", "{F946F9EE-34B2-4F15-857D-8A34C37C6F09}"
EndProject
Project("{FAE04EC0-301F-11D3-BF4B-00C04F79EFBC}") = "Modul03.1__Container", "Container\Modul03.1__Container.csproj", "{6FB5D038-7F35-45BD-99DC-8B8F24320F50}"
EndProject
Project("{FAE04EC0-301F-11D3-BF4B-00C04F79EFBC}") = "Modul03.2_TextboxUebung", "TextboxUebung\Modul03.2_TextboxUebung.csproj", "{A5F6D45E-B4CD-4A9A-9A66-97343A63164B}"
EndProject
Project("{FAE04EC0-301F-11D3-BF4B-00C04F79EFBC}") = "PersonenDatenbank", "PersonenDatenbank\PersonenDatenbank.csproj", "{A9977C40-AAD9-4F22-A31C-996CC0EE1C77}"
EndProject
Project("{FAE04EC0-301F-11D3-BF4B-00C04F79EFBC}") = "Modul04_EventRouting", "EventRouting\Modul04_EventRouting.csproj", "{B1D9918F-0389-4AB5-B6AA-739578F65A97}"
EndProject
Project("{FAE04EC0-301F-11D3-BF4B-00C04F79EFBC}") = "Modul14_Animation", "Animation\Modul14_Animation.csproj", "{0E2BA01D-868F-49D9-9AD5-2228A02FAB45}"
EndProject
Project("{FAE04EC0-301F-11D3-BF4B-00C04F79EFBC}") = "Modul05.1_Bindings", "Bindings\Modul05.1_Bindings.csproj", "{799FEEAB-FE97-4CB7-B459-7FAC2A46C181}"
EndProject
Project("{FAE04EC0-301F-11D3-BF4B-00C04F79EFBC}") = "Modul05.2_ValueConverter", "ValueConverter\Modul05.2_ValueConverter.csproj", "{FE8D023A-A35E-4810-B826-E2D966E7C8A9}"
EndProject
Project("{FAE04EC0-301F-11D3-BF4B-00C04F79EFBC}") = "Modul06_Ressourcen", "Ressourcen\Modul06_Ressourcen.csproj", "{D1F763B5-4A56-41B6-9DC4-E03C998FBCB2}"
EndProject
Project("{FAE04EC0-301F-11D3-BF4B-00C04F79EFBC}") = "Modul07_Styles", "Styles\Modul07_Styles.csproj", "{DCD79A22-7C58-480C-815E-C596E3766A3B}"
EndProject
Project("{FAE04EC0-301F-11D3-BF4B-00C04F79EFBC}") = "Modul08_Templates", "Templates\Modul08_Templates.csproj", "{54C21D95-A5C5-4655-A257-159143B4E1A6}"
EndProject
Project("{FAE04EC0-301F-11D3-BF4B-00C04F79EFBC}") = "Modul09_Validation", "Validation\Modul09_Validation.csproj", "{FF6A7455-6971-4B06-9175-B7CAD2683DF1}"
EndProject
Project("{FAE04EC0-301F-11D3-BF4B-00C04F79EFBC}") = "Modul10_RelativeSources", "RelativeSources\Modul10_RelativeSources.csproj", "{64347580-414A-4DA6-BACE-1223F9C87A55}"
EndProject
Project("{FAE04EC0-301F-11D3-BF4B-00C04F79EFBC}") = "Modul11_Trigger", "Trigger\Modul11_Trigger.csproj", "{5D979A02-F606-4A79-9B3F-49B00DEB07AD}"
EndProject
Project("{FAE04EC0-301F-11D3-BF4B-00C04F79EFBC}") = "Modul12_MyUserControl", "MyUserControl\Modul12_MyUserControl.csproj", "{AAE33D52-9EB3-423A-96C1-C5509EF14304}"
EndProject
Project("{FAE04EC0-301F-11D3-BF4B-00C04F79EFBC}") = "Modul15_Lokalisierung", "Lokalisierung\Modul15_Lokalisierung.csproj", "{A5C1EA4C-98DF-42C7-AC65-FF69D273CCEC}"
EndProject
Project("{FAE04EC0-301F-11D3-BF4B-00C04F79EFBC}") = "Modul13_Commands", "Commands\Modul13_Commands.csproj", "{16097024-43FE-4872-9553-091983562785}"
EndProject
Project("{FAE04EC0-301F-11D3-BF4B-00C04F79EFBC}") = "MVVM_Bsp", "MVVM_Bsp\MVVM_Bsp.csproj", "{9E4C2318-80F1-4312-ABD3-1228832F4A7F}"
EndProject
Global
	GlobalSection(SolutionConfigurationPlatforms) = preSolution
		Debug|Any CPU = Debug|Any CPU
		Release|Any CPU = Release|Any CPU
	EndGlobalSection
	GlobalSection(ProjectConfigurationPlatforms) = postSolution
		{D6A1AAC6-2058-45FA-87EB-C1AAB974944A}.Debug|Any CPU.ActiveCfg = Debug|Any CPU
		{D6A1AAC6-2058-45FA-87EB-C1AAB974944A}.Debug|Any CPU.Build.0 = Debug|Any CPU
		{D6A1AAC6-2058-45FA-87EB-C1AAB974944A}.Release|Any CPU.ActiveCfg = Release|Any CPU
		{D6A1AAC6-2058-45FA-87EB-C1AAB974944A}.Release|Any CPU.Build.0 = Release|Any CPU
		{F946F9EE-34B2-4F15-857D-8A34C37C6F09}.Debug|Any CPU.ActiveCfg = Debug|Any CPU
		{F946F9EE-34B2-4F15-857D-8A34C37C6F09}.Debug|Any CPU.Build.0 = Debug|Any CPU
		{F946F9EE-34B2-4F15-857D-8A34C37C6F09}.Release|Any CPU.ActiveCfg = Release|Any CPU
		{F946F9EE-34B2-4F15-857D-8A34C37C6F09}.Release|Any CPU.Build.0 = Release|Any CPU
		{6FB5D038-7F35-45BD-99DC-8B8F24320F50}.Debug|Any CPU.ActiveCfg = Debug|Any CPU
		{6FB5D038-7F35-45BD-99DC-8B8F24320F50}.Debug|Any CPU.Build.0 = Debug|Any CPU
		{6FB5D038-7F35-45BD-99DC-8B8F24320F50}.Release|Any CPU.ActiveCfg = Release|Any CPU
		{6FB5D038-7F35-45BD-99DC-8B8F24320F50}.Release|Any CPU.Build.0 = Release|Any CPU
		{A5F6D45E-B4CD-4A9A-9A66-97343A63164B}.Debug|Any CPU.ActiveCfg = Debug|Any CPU
		{A5F6D45E-B4CD-4A9A-9A66-97343A63164B}.Debug|Any CPU.Build.0 = Debug|Any CPU
		{A5F6D45E-B4CD-4A9A-9A66-97343A63164B}.Release|Any CPU.ActiveCfg = Release|Any CPU
		{A5F6D45E-B4CD-4A9A-9A66-97343A63164B}.Release|Any CPU.Build.0 = Release|Any CPU
		{A9977C40-AAD9-4F22-A31C-996CC0EE1C77}.Debug|Any CPU.ActiveCfg = Debug|Any CPU
		{A9977C40-AAD9-4F22-A31C-996CC0EE1C77}.Debug|Any CPU.Build.0 = Debug|Any CPU
		{A9977C40-AAD9-4F22-A31C-996CC0EE1C77}.Release|Any CPU.ActiveCfg = Release|Any CPU
		{A9977C40-AAD9-4F22-A31C-996CC0EE1C77}.Release|Any CPU.Build.0 = Release|Any CPU
		{B1D9918F-0389-4AB5-B6AA-739578F65A97}.Debug|Any CPU.ActiveCfg = Debug|Any CPU
		{B1D9918F-0389-4AB5-B6AA-739578F65A97}.Debug|Any CPU.Build.0 = Debug|Any CPU
		{B1D9918F-0389-4AB5-B6AA-739578F65A97}.Release|Any CPU.ActiveCfg = Release|Any CPU
		{B1D9918F-0389-4AB5-B6AA-739578F65A97}.Release|Any CPU.Build.0 = Release|Any CPU
		{0E2BA01D-868F-49D9-9AD5-2228A02FAB45}.Debug|Any CPU.ActiveCfg = Debug|Any CPU
		{0E2BA01D-868F-49D9-9AD5-2228A02FAB45}.Debug|Any CPU.Build.0 = Debug|Any CPU
		{0E2BA01D-868F-49D9-9AD5-2228A02FAB45}.Release|Any CPU.ActiveCfg = Release|Any CPU
		{0E2BA01D-868F-49D9-9AD5-2228A02FAB45}.Release|Any CPU.Build.0 = Release|Any CPU
		{799FEEAB-FE97-4CB7-B459-7FAC2A46C181}.Debug|Any CPU.ActiveCfg = Debug|Any CPU
		{799FEEAB-FE97-4CB7-B459-7FAC2A46C181}.Debug|Any CPU.Build.0 = Debug|Any CPU
		{799FEEAB-FE97-4CB7-B459-7FAC2A46C181}.Release|Any CPU.ActiveCfg = Release|Any CPU
		{799FEEAB-FE97-4CB7-B459-7FAC2A46C181}.Release|Any CPU.Build.0 = Release|Any CPU
		{FE8D023A-A35E-4810-B826-E2D966E7C8A9}.Debug|Any CPU.ActiveCfg = Debug|Any CPU
		{FE8D023A-A35E-4810-B826-E2D966E7C8A9}.Debug|Any CPU.Build.0 = Debug|Any CPU
		{FE8D023A-A35E-4810-B826-E2D966E7C8A9}.Release|Any CPU.ActiveCfg = Release|Any CPU
		{FE8D023A-A35E-4810-B826-E2D966E7C8A9}.Release|Any CPU.Build.0 = Release|Any CPU
		{D1F763B5-4A56-41B6-9DC4-E03C998FBCB2}.Debug|Any CPU.ActiveCfg = Debug|Any CPU
		{D1F763B5-4A56-41B6-9DC4-E03C998FBCB2}.Debug|Any CPU.Build.0 = Debug|Any CPU
		{D1F763B5-4A56-41B6-9DC4-E03C998FBCB2}.Release|Any CPU.ActiveCfg = Release|Any CPU
		{D1F763B5-4A56-41B6-9DC4-E03C998FBCB2}.Release|Any CPU.Build.0 = Release|Any CPU
		{DCD79A22-7C58-480C-815E-C596E3766A3B}.Debug|Any CPU.ActiveCfg = Debug|Any CPU
		{DCD79A22-7C58-480C-815E-C596E3766A3B}.Debug|Any CPU.Build.0 = Debug|Any CPU
		{DCD79A22-7C58-480C-815E-C596E3766A3B}.Release|Any CPU.ActiveCfg = Release|Any CPU
		{DCD79A22-7C58-480C-815E-C596E3766A3B}.Release|Any CPU.Build.0 = Release|Any CPU
		{54C21D95-A5C5-4655-A257-159143B4E1A6}.Debug|Any CPU.ActiveCfg = Debug|Any CPU
		{54C21D95-A5C5-4655-A257-159143B4E1A6}.Debug|Any CPU.Build.0 = Debug|Any CPU
		{54C21D95-A5C5-4655-A257-159143B4E1A6}.Release|Any CPU.ActiveCfg = Release|Any CPU
		{54C21D95-A5C5-4655-A257-159143B4E1A6}.Release|Any CPU.Build.0 = Release|Any CPU
		{FF6A7455-6971-4B06-9175-B7CAD2683DF1}.Debug|Any CPU.ActiveCfg = Debug|Any CPU
		{FF6A7455-6971-4B06-9175-B7CAD2683DF1}.Debug|Any CPU.Build.0 = Debug|Any CPU
		{FF6A7455-6971-4B06-9175-B7CAD2683DF1}.Release|Any CPU.ActiveCfg = Release|Any CPU
		{FF6A7455-6971-4B06-9175-B7CAD2683DF1}.Release|Any CPU.Build.0 = Release|Any CPU
		{64347580-414A-4DA6-BACE-1223F9C87A55}.Debug|Any CPU.ActiveCfg = Debug|Any CPU
		{64347580-414A-4DA6-BACE-1223F9C87A55}.Debug|Any CPU.Build.0 = Debug|Any CPU
		{64347580-414A-4DA6-BACE-1223F9C87A55}.Release|Any CPU.ActiveCfg = Release|Any CPU
		{64347580-414A-4DA6-BACE-1223F9C87A55}.Release|Any CPU.Build.0 = Release|Any CPU
		{5D979A02-F606-4A79-9B3F-49B00DEB07AD}.Debug|Any CPU.ActiveCfg = Debug|Any CPU
		{5D979A02-F606-4A79-9B3F-49B00DEB07AD}.Debug|Any CPU.Build.0 = Debug|Any CPU
		{5D979A02-F606-4A79-9B3F-49B00DEB07AD}.Release|Any CPU.ActiveCfg = Release|Any CPU
		{5D979A02-F606-4A79-9B3F-49B00DEB07AD}.Release|Any CPU.Build.0 = Release|Any CPU
		{AAE33D52-9EB3-423A-96C1-C5509EF14304}.Debug|Any CPU.ActiveCfg = Debug|Any CPU
		{AAE33D52-9EB3-423A-96C1-C5509EF14304}.Debug|Any CPU.Build.0 = Debug|Any CPU
		{AAE33D52-9EB3-423A-96C1-C5509EF14304}.Release|Any CPU.ActiveCfg = Release|Any CPU
		{AAE33D52-9EB3-423A-96C1-C5509EF14304}.Release|Any CPU.Build.0 = Release|Any CPU
		{A5C1EA4C-98DF-42C7-AC65-FF69D273CCEC}.Debug|Any CPU.ActiveCfg = Debug|Any CPU
		{A5C1EA4C-98DF-42C7-AC65-FF69D273CCEC}.Debug|Any CPU.Build.0 = Debug|Any CPU
		{A5C1EA4C-98DF-42C7-AC65-FF69D273CCEC}.Release|Any CPU.ActiveCfg = Release|Any CPU
		{A5C1EA4C-98DF-42C7-AC65-FF69D273CCEC}.Release|Any CPU.Build.0 = Release|Any CPU
		{16097024-43FE-4872-9553-091983562785}.Debug|Any CPU.ActiveCfg = Debug|Any CPU
		{16097024-43FE-4872-9553-091983562785}.Debug|Any CPU.Build.0 = Debug|Any CPU
		{16097024-43FE-4872-9553-091983562785}.Release|Any CPU.ActiveCfg = Release|Any CPU
		{16097024-43FE-4872-9553-091983562785}.Release|Any CPU.Build.0 = Release|Any CPU
		{9E4C2318-80F1-4312-ABD3-1228832F4A7F}.Debug|Any CPU.ActiveCfg = Debug|Any CPU
		{9E4C2318-80F1-4312-ABD3-1228832F4A7F}.Debug|Any CPU.Build.0 = Debug|Any CPU
		{9E4C2318-80F1-4312-ABD3-1228832F4A7F}.Release|Any CPU.ActiveCfg = Release|Any CPU
		{9E4C2318-80F1-4312-ABD3-1228832F4A7F}.Release|Any CPU.Build.0 = Release|Any CPU
	EndGlobalSection
	GlobalSection(SolutionProperties) = preSolution
		HideSolutionNode = FALSE
	EndGlobalSection
	GlobalSection(ExtensibilityGlobals) = postSolution
		SolutionGuid = {738B811D-A165-44D9-9237-B68CEF76998D}
	EndGlobalSection
EndGlobal
