
Microsoft Visual Studio Solution File, Format Version 12.00
# Visual Studio Version 16
VisualStudioVersion = 16.0.30204.135
MinimumVisualStudioVersion = 10.0.40219.1
Project("{FAE04EC0-301F-11D3-BF4B-00C04F79EFBC}") = "Modul01_HelloWPF", "HelloWPF\Modul01_HelloWPF.csproj", "{D6A1AAC6-2058-45FA-87EB-C1AAB974944A}"
EndProject
Project("{FAE04EC0-301F-11D3-BF4B-00C04F79EFBC}") = "Modul02_Controls", "Controls\Modul02_Controls.csproj", "{F946F9EE-34B2-4F15-857D-8A34C37C6F09}"
EndProject
Project("{FAE04EC0-301F-11D3-BF4B-00C04F79EFBC}") = "Modul03_Container", "Container\Modul03_Container.csproj", "{6FB5D038-7F35-45BD-99DC-8B8F24320F50}"
EndProject
Global
	GlobalSection(SolutionConfigurationPlatforms) = preSolution
		Debug|Any CPU = Debug|Any CPU
		Release|Any CPU = Release|Any CPU
	EndGlobalSection
	GlobalSection(ProjectConfigurationPlatforms) = postSolution
		{D6A1AAC6-2058-45FA-87EB-C1AAB974944A}.Debug|Any CPU.ActiveCfg = Debug|Any CPU
		{D6A1AAC6-2058-45FA-87EB-C1AAB974944A}.Debug|Any CPU.Build.0 = Debug|Any CPU
		{D6A1AAC6-2058-45FA-87EB-C1AAB974944A}.Release|Any CPU.ActiveCfg = Release|Any CPU
		{D6A1AAC6-2058-45FA-87EB-C1AAB974944A}.Release|Any CPU.Build.0 = Release|Any CPU
		{F946F9EE-34B2-4F15-857D-8A34C37C6F09}.Debug|Any CPU.ActiveCfg = Debug|Any CPU
		{F946F9EE-34B2-4F15-857D-8A34C37C6F09}.Debug|Any CPU.Build.0 = Debug|Any CPU
		{F946F9EE-34B2-4F15-857D-8A34C37C6F09}.Release|Any CPU.ActiveCfg = Release|Any CPU
		{F946F9EE-34B2-4F15-857D-8A34C37C6F09}.Release|Any CPU.Build.0 = Release|Any CPU
		{6FB5D038-7F35-45BD-99DC-8B8F24320F50}.Debug|Any CPU.ActiveCfg = Debug|Any CPU
		{6FB5D038-7F35-45BD-99DC-8B8F24320F50}.Debug|Any CPU.Build.0 = Debug|Any CPU
		{6FB5D038-7F35-45BD-99DC-8B8F24320F50}.Release|Any CPU.ActiveCfg = Release|Any CPU
		{6FB5D038-7F35-45BD-99DC-8B8F24320F50}.Release|Any CPU.Build.0 = Release|Any CPU
	EndGlobalSection
	GlobalSection(SolutionProperties) = preSolution
		HideSolutionNode = FALSE
	EndGlobalSection
	GlobalSection(ExtensibilityGlobals) = postSolution
		SolutionGuid = {738B811D-A165-44D9-9237-B68CEF76998D}
	EndGlobalSection
EndGlobal
